hash: b32ac80970f9e4eebaf28551d747f8779f866bf77fe85097cb8c75e1eb2faa11
updated: 2016-12-12T13:20:09.827855536-05:00
imports:
- name: github.com/brandonromano/wrecker
  version: ""
- name: github.com/BrandonRomano/wrecker
  version: 865df73aff7fe087936e4d397dd5368784394a75
- name: github.com/joeshaw/iso8601
  version: 861d1ce636d058f8544e10ee3d2371e061484775
- name: github.com/julienschmidt/httprouter
  version: 5dd70ee059943e81987a817fa1a755b11dd119c1
devImports: []
