hash: 6aee64e4bf6af7189f78e89f3a62c42dce0517b50b0d4051a9e23ea0dc429855
updated: 2016-12-19T18:00:01.357686216-05:00
imports:
- name: github.com/BrandonRomano/iso8601
  version: 2ef8540f216c9c1c6768cbff3cfbbe7b0196c05e
- name: github.com/BrandonRomano/wrecker
  version: 9c8c0ccbaee729b8e221dd640cce820748a0e339
testImports:
- name: github.com/davecgh/go-spew
  version: 6d212800a42e8ab5c146b8ace3490ee17e5225f9
  subpackages:
  - spew
- name: github.com/pmezard/go-difflib
  version: d8ed2627bdf02c080bf22230dbb337003b7aba2d
  subpackages:
  - difflib
- name: github.com/stretchr/testify
  version: 69483b4bd14f5845b5a1e55bca19e954e827f1d0
  subpackages:
  - assert
  - require
  - suite
